
Microsoft Visual Studio Solution File, Format Version 12.00
# Visual Studio Version 16
VisualStudioVersion = 16.0.30011.22
MinimumVisualStudioVersion = 10.0.40219.1
Project("{FAE04EC0-301F-11D3-BF4B-00C04F79EFBC}") = "VahtiApp", "VahtiApp\VahtiApp.csproj", "{C54960A1-9302-4705-9CED-78FA35ECE2AD}"
EndProject
Global
	GlobalSection(SolutionConfigurationPlatforms) = preSolution
		Debug|Any CPU = Debug|Any CPU
		Release|Any CPU = Release|Any CPU
	EndGlobalSection
	GlobalSection(ProjectConfigurationPlatforms) = postSolution
		{C54960A1-9302-4705-9CED-78FA35ECE2AD}.Debug|Any CPU.ActiveCfg = Debug|Any CPU
		{C54960A1-9302-4705-9CED-78FA35ECE2AD}.Debug|Any CPU.Build.0 = Debug|Any CPU
		{C54960A1-9302-4705-9CED-78FA35ECE2AD}.Release|Any CPU.ActiveCfg = Release|Any CPU
		{C54960A1-9302-4705-9CED-78FA35ECE2AD}.Release|Any CPU.Build.0 = Release|Any CPU
	EndGlobalSection
	GlobalSection(SolutionProperties) = preSolution
		HideSolutionNode = FALSE
	EndGlobalSection
	GlobalSection(ExtensibilityGlobals) = postSolution
		SolutionGuid = {ED9518E5-1042-4317-A6D1-3139AA1586E6}
	EndGlobalSection
EndGlobal
